Microsoft Visual Studio Solution File, Format Version 12.00
# Visual Studio Version 17
VisualStudioVersion = 17.5.2.0
MinimumVisualStudioVersion = 10.0.40219.1
Project("{FAE04EC0-301F-11D3-BF4B-00C04F79EFBC}") = "Ayumi", "Ayumi\Ayumi.csproj", "{AFF4F61C-E38D-1CAE-0BCB-4AC5FD99E37F}"
EndProject
Project("{FAE04EC0-301F-11D3-BF4B-00C04F79EFBC}") = "KamenReader.Excel", "KamenReader.Excel\KamenReader.Excel.csproj", "{5C3A1DF6-2738-5186-363F-9CAAE403958B}"
EndProject
Global
	GlobalSection(SolutionConfigurationPlatforms) = preSolution
		Debug|Any CPU = Debug|Any CPU
		Release|Any CPU = Release|Any CPU
	EndGlobalSection
	GlobalSection(ProjectConfigurationPlatforms) = postSolution
		{AFF4F61C-E38D-1CAE-0BCB-4AC5FD99E37F}.Debug|Any CPU.ActiveCfg = Debug|Any CPU
		{AFF4F61C-E38D-1CAE-0BCB-4AC5FD99E37F}.Debug|Any CPU.Build.0 = Debug|Any CPU
		{AFF4F61C-E38D-1CAE-0BCB-4AC5FD99E37F}.Release|Any CPU.ActiveCfg = Release|Any CPU
		{AFF4F61C-E38D-1CAE-0BCB-4AC5FD99E37F}.Release|Any CPU.Build.0 = Release|Any CPU
		{5C3A1DF6-2738-5186-363F-9CAAE403958B}.Debug|Any CPU.ActiveCfg = Debug|Any CPU
		{5C3A1DF6-2738-5186-363F-9CAAE403958B}.Debug|Any CPU.Build.0 = Debug|Any CPU
		{5C3A1DF6-2738-5186-363F-9CAAE403958B}.Release|Any CPU.ActiveCfg = Release|Any CPU
		{5C3A1DF6-2738-5186-363F-9CAAE403958B}.Release|Any CPU.Build.0 = Release|Any CPU
	EndGlobalSection
	GlobalSection(SolutionProperties) = preSolution
		HideSolutionNode = FALSE
	EndGlobalSection
	GlobalSection(ExtensibilityGlobals) = postSolution
		SolutionGuid = {947DC688-4A5B-4E1C-8BFD-066D09542B3A}
	EndGlobalSection
EndGlobal
